{
  "name": "usc-coop",
  "version": "1.0.0",
  "description": "",
  "main": "app.js",
  "scripts": {
    "test": "echo \"Error: no test specified\" && exit 1"
  },
  "author": "Francisco & Tagupa",
  "license": "ISC",
  "dependencies": {
    "bcrypt": "^3.0.8",
    "body-parser": "^1.19.0",
    "cookie-parser": "^1.4.4",
    "ejs": "^3.0.1",
    "express": "^4.17.1",
    "express-mysql-session": "^2.1.3",
    "express-session": "^1.17.0",
    "method-override": "^3.0.0",
    "mysql": "^2.18.1"
  },
  "devDependencies": {
    "browser-sync": "^2.26.7",
    "gulp": "^4.0.2",
    "gulp-sass": "^4.0.2",
    "nodemon": "^2.0.2"
  }
}
